hash: 63b83e8ca6f65b37e6f12be36057e1fd3b56e4353c77386d5fa3d21f9e582757
updated: 2017-04-11T20:03:51.548369297-07:00
imports:
- name: github.com/cenkalti/backoff
  version: 32cd0c5b3aef12c76ed64aaf678f6c79736be7dc
- name: github.com/dgrijalva/jwt-go
  version: d2709f9f1f31ebcda9651b03077758c1f3a0018c
- name: github.com/gorilla/websocket
  version: 3ab3a8b8831546bd18fd182c20687ca853b2bb13
- name: github.com/hashicorp/errwrap
  version: 7554cd9344cec97297fa6649b055a8c98c2a1e55
- name: github.com/hashicorp/go-multierror
  version: ed905158d87462226a13fe39ddf685ea65f1c11f
- name: github.com/pkg/errors
  version: 645ef00459ed84a119197bfb8d8205042c6df63d
- name: github.com/plouc/go-gitlab-client
  version: 3d2015c774c4b4acf07af47f743d527de27606db
  repo: https://github.com/tantalic/go-gitlab-client.git
- name: github.com/sigurn/crc8
  version: e55481d6f45c5a8f040343bace9013571dae103e
- name: github.com/sigurn/utils
  version: f19e41f79f8f006116f682c1af454591bc278ad4
- name: github.com/urfave/cli
  version: 0bdeddeeb0f650497d603c4ad7b20cfe685682f6
- name: gobot.io/x/gobot
  version: 1e26f485d486023d0a6d3cc0801baad1085e09c4
  subpackages:
  - drivers/gpio
  - drivers/i2c
  - platforms/raspi
  - sysfs
- name: tantalic.com/anybar
  version: 3e7f565d4b141a4756572acc210c08314d04c371
testImports: []
